
Microsoft Visual Studio Solution File, Format Version 12.00
# Visual Studio Version 17
VisualStudioVersion = 17.3.32929.385
MinimumVisualStudioVersion = 10.0.40219.1
Project("{8BC9CEB8-8B4A-11D0-8D11-00A0C91BC942}") = "GDPARCM", "GDPARCM.vcxproj", "{C423B4D9-7B85-4959-89C6-191842A722E3}"
EndProject
Global
	GlobalSection(SolutionConfigurationPlatforms) = preSolution
		Debug|x64 = Debug|x64
		Debug|x86 = Debug|x86
		Release|x64 = Release|x64
		Release|x86 = Release|x86
	EndGlobalSection
	GlobalSection(ProjectConfigurationPlatforms) = postSolution
		{C423B4D9-7B85-4959-89C6-191842A722E3}.Debug|x64.ActiveCfg = Debug|x64
		{C423B4D9-7B85-4959-89C6-191842A722E3}.Debug|x64.Build.0 = Debug|x64
		{C423B4D9-7B85-4959-89C6-191842A722E3}.Debug|x86.ActiveCfg = Debug|Win32
		{C423B4D9-7B85-4959-89C6-191842A722E3}.Debug|x86.Build.0 = Debug|Win32
		{C423B4D9-7B85-4959-89C6-191842A722E3}.Release|x64.ActiveCfg = Release|x64
		{C423B4D9-7B85-4959-89C6-191842A722E3}.Release|x64.Build.0 = Release|x64
		{C423B4D9-7B85-4959-89C6-191842A722E3}.Release|x86.ActiveCfg = Release|Win32
		{C423B4D9-7B85-4959-89C6-191842A722E3}.Release|x86.Build.0 = Release|Win32
	EndGlobalSection
	GlobalSection(SolutionProperties) = preSolution
		HideSolutionNode = FALSE
	EndGlobalSection
	GlobalSection(ExtensibilityGlobals) = postSolution
		SolutionGuid = {6300026A-B81F-47F8-8548-B6F7E40AB47E}
	EndGlobalSection
EndGlobal
